// !$*UTF8*$!
{
	archiveVersion = 1;
	classes = {
	};
	objectVersion = 46;
	objects = {

/* Begin PBXBuildFile section */
		3B0492DC1EE9454B00F37E2F /* PersonViewController.swift in Sources */ = {isa = PBXBuildFile; fileRef = 3B0492DB1EE9454B00F37E2F /* PersonViewController.swift */; };
		3B6EF43A1EEA78EE00BFDEE8 /* SWApi.swift in Sources */ = {isa = PBXBuildFile; fileRef = 3B6EF4391EEA78EE00BFDEE8 /* SWApi.swift */; };
		3BE9D5151EE540A70065842E /* AppDelegate.swift in Sources */ = {isa = PBXBuildFile; fileRef = 3BE9D5141EE540A70065842E /* AppDelegate.swift */; };
		3BE9D5171EE540A80065842E /* ViewController.swift in Sources */ = {isa = PBXBuildFile; fileRef = 3BE9D5161EE540A80065842E /* ViewController.swift */; };
		3BE9D51A1EE540A80065842E /* Main.storyboard in Resources */ = {isa = PBXBuildFile; fileRef = 3BE9D5181EE540A80065842E /* Main.storyboard */; };
		3BE9D51C1EE540A80065842E /* Assets.xcassets in Resources */ = {isa = PBXBuildFile; fileRef = 3BE9D51B1EE540A80065842E /* Assets.xcassets */; };
		3BE9D51F1EE540A80065842E /* LaunchScreen.storyboard in Resources */ = {isa = PBXBuildFile; fileRef = 3BE9D51D1EE540A80065842E /* LaunchScreen.storyboard */; };
		3BE9D52A1EE540A80065842E /* TableViewTests.swift in Sources */ = {isa = PBXBuildFile; fileRef = 3BE9D5291EE540A80065842E /* TableViewTests.swift */; };
/* End PBXBuildFile section */

/* Begin PBXContainerItemProxy section */
		3BE9D5261EE540A80065842E /* PBXContainerItemProxy */ = {
			isa = PBXContainerItemProxy;
			containerPortal = 3BE9D5091EE540A70065842E /* Project object */;
			proxyType = 1;
			remoteGlobalIDString = 3BE9D5101EE540A70065842E;
			remoteInfo = TableView;
		};
/* End PBXContainerItemProxy section */

/* Begin PBXFileReference section */
		3B0492DB1EE9454B00F37E2F /* PersonViewController.swift */ = {isa = PBXFileReference; fileEncoding = 4; lastKnownFileType = sourcecode.swift; path = PersonViewController.swift; sourceTree = "<group>"; };
		3B6EF4391EEA78EE00BFDEE8 /* SWApi.swift */ = {isa = PBXFileReference; fileEncoding = 4; lastKnownFileType = sourcecode.swift; path = SWApi.swift; sourceTree = "<group>"; };
		3BE9D5111EE540A70065842E /* SWApi-ios.app */ = {isa = PBXFileReference; explicitFileType = wrapper.application; includeInIndex = 0; path = "SWApi-ios.app"; sourceTree = BUILT_PRODUCTS_DIR; };
		3BE9D5141EE540A70065842E /* AppDelegate.swift */ = {isa = PBXFileReference; lastKnownFileType = sourcecode.swift; path = AppDelegate.swift; sourceTree = "<group>"; };
		3BE9D5161EE540A80065842E /* ViewController.swift */ = {isa = PBXFileReference; lastKnownFileType = sourcecode.swift; path = ViewController.swift; sourceTree = "<group>"; };
		3BE9D5191EE540A80065842E /* Base */ = {isa = PBXFileReference; lastKnownFileType = file.storyboard; name = Base; path = Base.lproj/Main.storyboard; sourceTree = "<group>"; };
		3BE9D51B1EE540A80065842E /* Assets.xcassets */ = {isa = PBXFileReference; lastKnownFileType = folder.assetcatalog; path = Assets.xcassets; sourceTree = "<group>"; };
		3BE9D51E1EE540A80065842E /* Base */ = {isa = PBXFileReference; lastKnownFileType = file.storyboard; name = Base; path = Base.lproj/LaunchScreen.storyboard; sourceTree = "<group>"; };
		3BE9D5201EE540A80065842E /* Info.plist */ = {isa = PBXFileReference; lastKnownFileType = text.plist.xml; path = Info.plist; sourceTree = "<group>"; };
		3BE9D5251EE540A80065842E /* SWApi-iosTests.xctest */ = {isa = PBXFileReference; explicitFileType = wrapper.cfbundle; includeInIndex = 0; path = "SWApi-iosTests.xctest"; sourceTree = BUILT_PRODUCTS_DIR; };
		3BE9D5291EE540A80065842E /* TableViewTests.swift */ = {isa = PBXFileReference; lastKnownFileType = sourcecode.swift; path = TableViewTests.swift; sourceTree = "<group>"; };
		3BE9D52B1EE540A80065842E /* Info.plist */ = {isa = PBXFileReference; lastKnownFileType = text.plist.xml; path = Info.plist; sourceTree = "<group>"; };
/* End PBXFileReference section */

/* Begin PBXFrameworksBuildPhase section */
		3BE9D50E1EE540A70065842E /* Frameworks */ = {
			isa = PBXFrameworksBuildPhase;
			buildActionMask = 2147483647;
			files = (
			);
			runOnlyForDeploymentPostprocessing = 0;
		};
		3BE9D5221EE540A80065842E /* Frameworks */ = {
			isa = PBXFrameworksBuildPhase;
			buildActionMask = 2147483647;
			files = (
			);
			runOnlyForDeploymentPostprocessing = 0;
		};
/* End PBXFrameworksBuildPhase section */

/* Begin PBXGroup section */
		3BE9D5081EE540A70065842E = {
			isa = PBXGroup;
			children = (
				3BE9D5131EE540A70065842E /* TableView */,
				3BE9D5281EE540A80065842E /* TableViewTests */,
				3BE9D5121EE540A70065842E /* Products */,
			);
			sourceTree = "<group>";
		};
		3BE9D5121EE540A70065842E /* Products */ = {
			isa = PBXGroup;
			children = (
				3BE9D5111EE540A70065842E /* SWApi-ios.app */,
				3BE9D5251EE540A80065842E /* SWApi-iosTests.xctest */,
			);
			name = Products;
			sourceTree = "<group>";
		};
		3BE9D5131EE540A70065842E /* TableView */ = {
			isa = PBXGroup;
			children = (
				3B6EF4391EEA78EE00BFDEE8 /* SWApi.swift */,
				3BE9D5141EE540A70065842E /* AppDelegate.swift */,
				3BE9D5161EE540A80065842E /* ViewController.swift */,
				3BE9D5181EE540A80065842E /* Main.storyboard */,
				3B0492DB1EE9454B00F37E2F /* PersonViewController.swift */,
				3BE9D51B1EE540A80065842E /* Assets.xcassets */,
				3BE9D51D1EE540A80065842E /* LaunchScreen.storyboard */,
				3BE9D5201EE540A80065842E /* Info.plist */,
			);
			path = TableView;
			sourceTree = "<group>";
		};
		3BE9D5281EE540A80065842E /* TableViewTests */ = {
			isa = PBXGroup;
			children = (
				3BE9D5291EE540A80065842E /* TableViewTests.swift */,
				3BE9D52B1EE540A80065842E /* Info.plist */,
			);
			path = TableViewTests;
			sourceTree = "<group>";
		};
/* End PBXGroup section */

/* Begin PBXNativeTarget section */
		3BE9D5101EE540A70065842E /* SWApi-ios */ = {
			isa = PBXNativeTarget;
			buildConfigurationList = 3BE9D52E1EE540A80065842E /* Build configuration list for PBXNativeTarget "SWApi-ios" */;
			buildPhases = (
				3BE9D50D1EE540A70065842E /* Sources */,
				3BE9D50E1EE540A70065842E /* Frameworks */,
				3BE9D50F1EE540A70065842E /* Resources */,
			);
			buildRules = (
			);
			dependencies = (
			);
			name = "SWApi-ios";
			productName = TableView;
			productReference = 3BE9D5111EE540A70065842E /* SWApi-ios.app */;
			productType = "com.apple.product-type.application";
		};
		3BE9D5241EE540A80065842E /* SWApi-iosTests */ = {
			isa = PBXNativeTarget;
			buildConfigurationList = 3BE9D5311EE540A80065842E /* Build configuration list for PBXNativeTarget "SWApi-iosTests" */;
			buildPhases = (
				3BE9D5211EE540A80065842E /* Sources */,
				3BE9D5221EE540A80065842E /* Frameworks */,
				3BE9D5231EE540A80065842E /* Resources */,
			);
			buildRules = (
			);
			dependencies = (
				3BE9D5271EE540A80065842E /* PBXTargetDependency */,
			);
			name = "SWApi-iosTests";
			productName = TableViewTests;
			productReference = 3BE9D5251EE540A80065842E /* SWApi-iosTests.xctest */;
			productType = "com.apple.product-type.bundle.unit-test";
		};
/* End PBXNativeTarget section */

/* Begin PBXProject section */
		3BE9D5091EE540A70065842E /* Project object */ = {
			isa = PBXProject;
			attributes = {
				LastSwiftUpdateCheck = 0830;
				LastUpgradeCheck = 0830;
				ORGANIZATIONNAME = Jakub;
				TargetAttributes = {
					3BE9D5101EE540A70065842E = {
						CreatedOnToolsVersion = 8.3.2;
						ProvisioningStyle = Automatic;
					};
					3BE9D5241EE540A80065842E = {
						CreatedOnToolsVersion = 8.3.2;
						ProvisioningStyle = Automatic;
						TestTargetID = 3BE9D5101EE540A70065842E;
					};
				};
			};
			buildConfigurationList = 3BE9D50C1EE540A70065842E /* Build configuration list for PBXProject "SWApi-ios" */;
			compatibilityVersion = "Xcode 3.2";
			developmentRegion = English;
			hasScannedForEncodings = 0;
			knownRegions = (
				en,
				Base,
			);
			mainGroup = 3BE9D5081EE540A70065842E;
			productRefGroup = 3BE9D5121EE540A70065842E /* Products */;
			projectDirPath = "";
			projectRoot = "";
			targets = (
				3BE9D5101EE540A70065842E /* SWApi-ios */,
				3BE9D5241EE540A80065842E /* SWApi-iosTests */,
			);
		};
/* End PBXProject section */

/* Begin PBXResourcesBuildPhase section */
		3BE9D50F1EE540A70065842E /* Resources */ = {
			isa = PBXResourcesBuildPhase;
			buildActionMask = 2147483647;
			files = (
				3BE9D51F1EE540A80065842E /* LaunchScreen.storyboard in Resources */,
				3BE9D51C1EE540A80065842E /* Assets.xcassets in Resources */,
				3BE9D51A1EE540A80065842E /* Main.storyboard in Resources */,
			);
			runOnlyForDeploymentPostprocessing = 0;
		};
		3BE9D5231EE540A80065842E /* Resources */ = {
			isa = PBXResourcesBuildPhase;
			buildActionMask = 2147483647;
			files = (
			);
			runOnlyForDeploymentPostprocessing = 0;
		};
/* End PBXResourcesBuildPhase section */

/* Begin PBXSourcesBuildPhase section */
		3BE9D50D1EE540A70065842E /* Sources */ = {
			isa = PBXSourcesBuildPhase;
			buildActionMask = 2147483647;
			files = (
				3BE9D5171EE540A80065842E /* ViewController.swift in Sources */,
				3B0492DC1EE9454B00F37E2F /* PersonViewController.swift in Sources */,
				3B6EF43A1EEA78EE00BFDEE8 /* SWApi.swift in Sources */,
				3BE9D5151EE540A70065842E /* AppDelegate.swift in Sources */,
			);
			runOnlyForDeploymentPostprocessing = 0;
		};
		3BE9D5211EE540A80065842E /* Sources */ = {
			isa = PBXSourcesBuildPhase;
			buildActionMask = 2147483647;
			files = (
				3BE9D52A1EE540A80065842E /* TableViewTests.swift in Sources */,
			);
			runOnlyForDeploymentPostprocessing = 0;
		};
/* End PBXSourcesBuildPhase section */

/* Begin PBXTargetDependency section */
		3BE9D5271EE540A80065842E /* PBXTargetDependency */ = {
			isa = PBXTargetDependency;
			target = 3BE9D5101EE540A70065842E /* SWApi-ios */;
			targetProxy = 3BE9D5261EE540A80065842E /* PBXContainerItemProxy */;
		};
/* End PBXTargetDependency section */

/* Begin PBXVariantGroup section */
		3BE9D5181EE540A80065842E /* Main.storyboard */ = {
			isa = PBXVariantGroup;
			children = (
				3BE9D5191EE540A80065842E /* Base */,
			);
			name = Main.storyboard;
			sourceTree = "<group>";
		};
		3BE9D51D1EE540A80065842E /* LaunchScreen.storyboard */ = {
			isa = PBXVariantGroup;
			children = (
				3BE9D51E1EE540A80065842E /* Base */,
			);
			name = LaunchScreen.storyboard;
			sourceTree = "<group>";
		};
/* End PBXVariantGroup section */

/* Begin XCBuildConfiguration section */
		3BE9D52C1EE540A80065842E /* Debug */ = {
			isa = XCBuildConfiguration;
			buildSettings = {
				ALWAYS_SEARCH_USER_PATHS = NO;
				CLANG_ANALYZER_NONNULL = YES;
				CLANG_ANALYZER_NUMBER_OBJECT_CONVERSION = YES_AGGRESSIVE;
				CLANG_CXX_LANGUAGE_STANDARD = "gnu++0x";
				CLANG_CXX_LIBRARY = "libc++";
				CLANG_ENABLE_MODULES = YES;
				CLANG_ENABLE_OBJC_ARC = YES;
				CLANG_WARN_BOOL_CONVERSION = YES;
				CLANG_WARN_CONSTANT_CONVERSION = YES;
				CLANG_WARN_DIRECT_OBJC_ISA_USAGE = YES_ERROR;
				CLANG_WARN_DOCUMENTATION_COMMENTS = YES;
				CLANG_WARN_EMPTY_BODY = YES;
				CLANG_WARN_ENUM_CONVERSION = YES;
				CLANG_WARN_INFINITE_RECURSION = YES;
				CLANG_WARN_INT_CONVERSION = YES;
				CLANG_WARN_OBJC_ROOT_CLASS = YES_ERROR;
				CLANG_WARN_SUSPICIOUS_MOVE = YES;
				CLANG_WARN_UNREACHABLE_CODE = YES;
				CLANG_WARN__DUPLICATE_METHOD_MATCH = YES;
				"CODE_SIGN_IDENTITY[sdk=iphoneos*]" = "iPhone Developer";
				COPY_PHASE_STRIP = NO;
				DEBUG_INFORMATION_FORMAT = dwarf;
				ENABLE_STRICT_OBJC_MSGSEND = YES;
				ENABLE_TESTABILITY = YES;
				GCC_C_LANGUAGE_STANDARD = gnu99;
				GCC_DYNAMIC_NO_PIC = NO;
				GCC_NO_COMMON_BLOCKS = YES;
				GCC_OPTIMIZATION_LEVEL = 0;
				GCC_PREPROCESSOR_DEFINITIONS = (
					"DEBUG=1",
					"$(inherited)",
				);
				GCC_WARN_64_TO_32_BIT_CONVERSION = YES;
				GCC_WARN_ABOUT_RETURN_TYPE = YES_ERROR;
				GCC_WARN_UNDECLARED_SELECTOR = YES;
				GCC_WARN_UNINITIALIZED_AUTOS = YES_AGGRESSIVE;
				GCC_WARN_UNUSED_FUNCTION = YES;
				GCC_WARN_UNUSED_VARIABLE = YES;
				IPHONEOS_DEPLOYMENT_TARGET = 10.3;
				MTL_ENABLE_DEBUG_INFO = YES;
				ONLY_ACTIVE_ARCH = YES;
				SDKROOT = iphoneos;
				SWIFT_ACTIVE_COMPILATION_CONDITIONS = DEBUG;
				SWIFT_OPTIMIZATION_LEVEL = "-Onone";
				TARGETED_DEVICE_FAMILY = "1,2";
			};
			name = Debug;
		};
		3BE9D52D1EE540A80065842E /* Release */ = {
			isa = XCBuildConfiguration;
			buildSettings = {
				ALWAYS_SEARCH_USER_PATHS = NO;
				CLANG_ANALYZER_NONNULL = YES;
				CLANG_ANALYZER_NUMBER_OBJECT_CONVERSION = YES_AGGRESSIVE;
				CLANG_CXX_LANGUAGE_STANDARD = "gnu++0x";
				CLANG_CXX_LIBRARY = "libc++";
				CLANG_ENABLE_MODULES = YES;
				CLANG_ENABLE_OBJC_ARC = YES;
				CLANG_WARN_BOOL_CONVERSION = YES;
				CLANG_WARN_CONSTANT_CONVERSION = YES;
				CLANG_WARN_DIRECT_OBJC_ISA_USAGE = YES_ERROR;
				CLANG_WARN_DOCUMENTATION_COMMENTS = YES;
				CLANG_WARN_EMPTY_BODY = YES;
				CLANG_WARN_ENUM_CONVERSION = YES;
				CLANG_WARN_INFINITE_RECURSION = YES;
				CLANG_WARN_INT_CONVERSION = YES;
				CLANG_WARN_OBJC_ROOT_CLASS = YES_ERROR;
				CLANG_WARN_SUSPICIOUS_MOVE = YES;
				CLANG_WARN_UNREACHABLE_CODE = YES;
				CLANG_WARN__DUPLICATE_METHOD_MATCH = YES;
				"CODE_SIGN_IDENTITY[sdk=iphoneos*]" = "iPhone Developer";
				COPY_PHASE_STRIP = NO;
				DEBUG_INFORMATION_FORMAT = "dwarf-with-dsym";
				ENABLE_NS_ASSERTIONS = NO;
				ENABLE_STRICT_OBJC_MSGSEND = YES;
				GCC_C_LANGUAGE_STANDARD = gnu99;
				GCC_NO_COMMON_BLOCKS = YES;
				GCC_WARN_64_TO_32_BIT_CONVERSION = YES;
				GCC_WARN_ABOUT_RETURN_TYPE = YES_ERROR;
				GCC_WARN_UNDECLARED_SELECTOR = YES;
				GCC_WARN_UNINITIALIZED_AUTOS = YES_AGGRESSIVE;
				GCC_WARN_UNUSED_FUNCTION = YES;
				GCC_WARN_UNUSED_VARIABLE = YES;
				IPHONEOS_DEPLOYMENT_TARGET = 10.3;
				MTL_ENABLE_DEBUG_INFO = NO;
				SDKROOT = iphoneos;
				SWIFT_OPTIMIZATION_LEVEL = "-Owholemodule";
				TARGETED_DEVICE_FAMILY = "1,2";
				VALIDATE_PRODUCT = YES;
			};
			name = Release;
		};
		3BE9D52F1EE540A80065842E /* Debug */ = {
			isa = XCBuildConfiguration;
			buildSettings = {
				ASSETCATALOG_COMPILER_APPICON_NAME = AppIcon;
				INFOPLIST_FILE = TableView/Info.plist;
				LD_RUNPATH_SEARCH_PATHS = "$(inherited) @executable_path/Frameworks";
				PRODUCT_BUNDLE_IDENTIFIER = com.example.TableView;
				PRODUCT_NAME = "$(TARGET_NAME)";
				SWIFT_VERSION = 3.0;
			};
			name = Debug;
		};
		3BE9D5301EE540A80065842E /* Release */ = {
			isa = XCBuildConfiguration;
			buildSettings = {
				ASSETCATALOG_COMPILER_APPICON_NAME = AppIcon;
				INFOPLIST_FILE = TableView/Info.plist;
				LD_RUNPATH_SEARCH_PATHS = "$(inherited) @executable_path/Frameworks";
				PRODUCT_BUNDLE_IDENTIFIER = com.example.TableView;
				PRODUCT_NAME = "$(TARGET_NAME)";
				SWIFT_VERSION = 3.0;
			};
			name = Release;
		};
		3BE9D5321EE540A80065842E /* Debug */ = {
			isa = XCBuildConfiguration;
			buildSettings = {
				ALWAYS_EMBED_SWIFT_STANDARD_LIBRARIES = YES;
				BUNDLE_LOADER = "$(TEST_HOST)";
				INFOPLIST_FILE = TableViewTests/Info.plist;
				LD_RUNPATH_SEARCH_PATHS = "$(inherited) @executable_path/Frameworks @loader_path/Frameworks";
				PRODUCT_BUNDLE_IDENTIFIER = com.example.TableViewTests;
				PRODUCT_NAME = "$(TARGET_NAME)";
				SWIFT_VERSION = 3.0;
				TEST_HOST = "$(BUILT_PRODUCTS_DIR)/SWApi-ios.app/SWApi-ios";
			};
			name = Debug;
		};
		3BE9D5331EE540A80065842E /* Release */ = {
			isa = XCBuildConfiguration;
			buildSettings = {
				ALWAYS_EMBED_SWIFT_STANDARD_LIBRARIES = YES;
				BUNDLE_LOADER = "$(TEST_HOST)";
				INFOPLIST_FILE = TableViewTests/Info.plist;
				LD_RUNPATH_SEARCH_PATHS = "$(inherited) @executable_path/Frameworks @loader_path/Frameworks";
				PRODUCT_BUNDLE_IDENTIFIER = com.example.TableViewTests;
				PRODUCT_NAME = "$(TARGET_NAME)";
				SWIFT_VERSION = 3.0;
				TEST_HOST = "$(BUILT_PRODUCTS_DIR)/SWApi-ios.app/SWApi-ios";
			};
			name = Release;
		};
/* End XCBuildConfiguration section */

/* Begin XCConfigurationList section */
		3BE9D50C1EE540A70065842E /* Build configuration list for PBXProject "SWApi-ios" */ = {
			isa = XCConfigurationList;
			buildConfigurations = (
				3BE9D52C1EE540A80065842E /* Debug */,
				3BE9D52D1EE540A80065842E /* Release */,
			);
			defaultConfigurationIsVisible = 0;
			defaultConfigurationName = Release;
		};
		3BE9D52E1EE540A80065842E /* Build configuration list for PBXNativeTarget "SWApi-ios" */ = {
			isa = XCConfigurationList;
			buildConfigurations = (
				3BE9D52F1EE540A80065842E /* Debug */,
				3BE9D5301EE540A80065842E /* Release */,
			);
			defaultConfigurationIsVisible = 0;
			defaultConfigurationName = Release;
		};
		3BE9D5311EE540A80065842E /* Build configuration list for PBXNativeTarget "SWApi-iosTests" */ = {
			isa = XCConfigurationList;
			buildConfigurations = (
				3BE9D5321EE540A80065842E /* Debug */,
				3BE9D5331EE540A80065842E /* Release */,
			);
			defaultConfigurationIsVisible = 0;
			defaultConfigurationName = Release;
		};
/* End XCConfigurationList section */
	};
	rootObject = 3BE9D5091EE540A70065842E /* Project object */;
}
